
Microsoft Visual Studio Solution File, Format Version 12.00
# Visual Studio 15
VisualStudioVersion = 15.0.26730.12
MinimumVisualStudioVersion = 10.0.40219.1
Project("{888888A0-9F3D-457C-B088-3A5042F75D52}") = "bot", "bot.pyproj", "{C5948100-8D0E-49FF-AC30-22263FC6D03A}"
EndProject
Global
	GlobalSection(SolutionConfigurationPlatforms) = preSolution
		Debug|Any CPU = Debug|Any CPU
		Release|Any CPU = Release|Any CPU
	EndGlobalSection
	GlobalSection(ProjectConfigurationPlatforms) = postSolution
		{C5948100-8D0E-49FF-AC30-22263FC6D03A}.Debug|Any CPU.ActiveCfg = Debug|Any CPU
		{C5948100-8D0E-49FF-AC30-22263FC6D03A}.Release|Any CPU.ActiveCfg = Release|Any CPU
	EndGlobalSection
	GlobalSection(SolutionProperties) = preSolution
		HideSolutionNode = FALSE
	EndGlobalSection
	GlobalSection(ExtensibilityGlobals) = postSolution
		SolutionGuid = {2A087E9C-3A40-411D-95CC-6D1654B77993}
	EndGlobalSection
EndGlobal
